
Microsoft Visual Studio Solution File, Format Version 12.00
# Visual Studio 14
VisualStudioVersion = 14.0.25420.1
MinimumVisualStudioVersion = 10.0.40219.1
Project("{FAE04EC0-301F-11D3-BF4B-00C04F79EFBC}") = "KnowledgeBase", "KnowledgeBase\KnowledgeBase.csproj", "{24F95BA4-DC0F-4581-9CC2-BACBC130719E}"
	ProjectSection(ProjectDependencies) = postProject
		{D23D8911-523C-414B-BBE1-914DC84871E3} = {D23D8911-523C-414B-BBE1-914DC84871E3}
	EndProjectSection
EndProject
Project("{FAE04EC0-301F-11D3-BF4B-00C04F79EFBC}") = "KnowledgeBase.Data", "KnowledgeBase.Data\KnowledgeBase.Data.csproj", "{4530CF7B-7B4A-456D-81BC-96F6C2D7AA08}"
EndProject
Project("{FAE04EC0-301F-11D3-BF4B-00C04F79EFBC}") = "KnowLedgeBase.Tests", "KnowLedgeBase.Tests\KnowLedgeBase.Tests.csproj", "{F0EAC2C6-32D6-4F70-A328-2E0DD0773DD1}"
EndProject
Project("{FAE04EC0-301F-11D3-BF4B-00C04F79EFBC}") = "KnowledgeBase.Data.AzureTableStore", "KnowledgeBase.Data.AzureTableStore\KnowledgeBase.Data.AzureTableStore.csproj", "{D23D8911-523C-414B-BBE1-914DC84871E3}"
EndProject
Project("{FAE04EC0-301F-11D3-BF4B-00C04F79EFBC}") = "MyKnowledge.Authentication", "MyKnowledge.Authentication\MyKnowledge.Authentication.csproj", "{23E7AD5E-EF12-4F6B-B69E-F25753901D54}"
EndProject
Project("{2150E333-8FDC-42A3-9474-1A3956D46DE8}") = "Solution Items", "Solution Items", "{977C62A8-1C93-41F2-99A2-4577F707FD95}"
	ProjectSection(SolutionItems) = preProject
		.travis.yml = .travis.yml
	EndProjectSection
EndProject
Global
	GlobalSection(SolutionConfigurationPlatforms) = preSolution
		Debug|Any CPU = Debug|Any CPU
		Release|Any CPU = Release|Any CPU
	EndGlobalSection
	GlobalSection(ProjectConfigurationPlatforms) = postSolution
		{24F95BA4-DC0F-4581-9CC2-BACBC130719E}.Debug|Any CPU.ActiveCfg = Debug|Any CPU
		{24F95BA4-DC0F-4581-9CC2-BACBC130719E}.Debug|Any CPU.Build.0 = Debug|Any CPU
		{24F95BA4-DC0F-4581-9CC2-BACBC130719E}.Release|Any CPU.ActiveCfg = Release|Any CPU
		{24F95BA4-DC0F-4581-9CC2-BACBC130719E}.Release|Any CPU.Build.0 = Release|Any CPU
		{4530CF7B-7B4A-456D-81BC-96F6C2D7AA08}.Debug|Any CPU.ActiveCfg = Debug|Any CPU
		{4530CF7B-7B4A-456D-81BC-96F6C2D7AA08}.Debug|Any CPU.Build.0 = Debug|Any CPU
		{4530CF7B-7B4A-456D-81BC-96F6C2D7AA08}.Release|Any CPU.ActiveCfg = Release|Any CPU
		{4530CF7B-7B4A-456D-81BC-96F6C2D7AA08}.Release|Any CPU.Build.0 = Release|Any CPU
		{F0EAC2C6-32D6-4F70-A328-2E0DD0773DD1}.Debug|Any CPU.ActiveCfg = Debug|Any CPU
		{F0EAC2C6-32D6-4F70-A328-2E0DD0773DD1}.Debug|Any CPU.Build.0 = Debug|Any CPU
		{F0EAC2C6-32D6-4F70-A328-2E0DD0773DD1}.Release|Any CPU.ActiveCfg = Release|Any CPU
		{F0EAC2C6-32D6-4F70-A328-2E0DD0773DD1}.Release|Any CPU.Build.0 = Release|Any CPU
		{D23D8911-523C-414B-BBE1-914DC84871E3}.Debug|Any CPU.ActiveCfg = Debug|Any CPU
		{D23D8911-523C-414B-BBE1-914DC84871E3}.Debug|Any CPU.Build.0 = Debug|Any CPU
		{D23D8911-523C-414B-BBE1-914DC84871E3}.Release|Any CPU.ActiveCfg = Release|Any CPU
		{D23D8911-523C-414B-BBE1-914DC84871E3}.Release|Any CPU.Build.0 = Release|Any CPU
		{23E7AD5E-EF12-4F6B-B69E-F25753901D54}.Debug|Any CPU.ActiveCfg = Debug|Any CPU
		{23E7AD5E-EF12-4F6B-B69E-F25753901D54}.Debug|Any CPU.Build.0 = Debug|Any CPU
		{23E7AD5E-EF12-4F6B-B69E-F25753901D54}.Release|Any CPU.ActiveCfg = Release|Any CPU
		{23E7AD5E-EF12-4F6B-B69E-F25753901D54}.Release|Any CPU.Build.0 = Release|Any CPU
	EndGlobalSection
	GlobalSection(SolutionProperties) = preSolution
		HideSolutionNode = FALSE
	EndGlobalSection
EndGlobal
